
Microsoft Visual Studio Solution File, Format Version 12.00
# Visual Studio Version 17
VisualStudioVersion = 17.13.35825.156
MinimumVisualStudioVersion = 10.0.40219.1
Project("{FAE04EC0-301F-11D3-BF4B-00C04F79EFBC}") = "Assessment_CSharp", "Assessment_CSharp.csproj", "{4D8CCA48-044A-4963-AA69-6189A4161504}"
EndProject
Project("{FAE04EC0-301F-11D3-BF4B-00C04F79EFBC}") = "Ex03", "exercicio03\Ex03\Ex03.csproj", "{1724AA11-94C6-46CE-A95A-7AE18F575B80}"
EndProject
Project("{FAE04EC0-301F-11D3-BF4B-00C04F79EFBC}") = "Ex04", "exercicio04\Ex04\Ex04.csproj", "{C34D383A-B4C3-4970-A07F-A845314C161D}"
EndProject
Project("{FAE04EC0-301F-11D3-BF4B-00C04F79EFBC}") = "Ex02", "exercicio02\Ex02\Ex02.csproj", "{18ED3DDE-9838-4EEB-8255-AA77C30E04CA}"
EndProject
Project("{FAE04EC0-301F-11D3-BF4B-00C04F79EFBC}") = "Ex01", "exercicio01\Ex01\Ex01.csproj", "{F6CE6050-63CD-421A-AB67-7F6279A6562A}"
EndProject
Project("{FAE04EC0-301F-11D3-BF4B-00C04F79EFBC}") = "Ex05", "exercicio05\Ex05\Ex05.csproj", "{9D68CE4D-2D68-47FB-8FFE-86979ADACBB0}"
EndProject
Global
	GlobalSection(SolutionConfigurationPlatforms) = preSolution
		Debug|Any CPU = Debug|Any CPU
		Release|Any CPU = Release|Any CPU
	EndGlobalSection
	GlobalSection(ProjectConfigurationPlatforms) = postSolution
		{4D8CCA48-044A-4963-AA69-6189A4161504}.Debug|Any CPU.ActiveCfg = Debug|Any CPU
		{4D8CCA48-044A-4963-AA69-6189A4161504}.Debug|Any CPU.Build.0 = Debug|Any CPU
		{4D8CCA48-044A-4963-AA69-6189A4161504}.Release|Any CPU.ActiveCfg = Release|Any CPU
		{4D8CCA48-044A-4963-AA69-6189A4161504}.Release|Any CPU.Build.0 = Release|Any CPU
		{1724AA11-94C6-46CE-A95A-7AE18F575B80}.Debug|Any CPU.ActiveCfg = Debug|Any CPU
		{1724AA11-94C6-46CE-A95A-7AE18F575B80}.Debug|Any CPU.Build.0 = Debug|Any CPU
		{1724AA11-94C6-46CE-A95A-7AE18F575B80}.Release|Any CPU.ActiveCfg = Release|Any CPU
		{1724AA11-94C6-46CE-A95A-7AE18F575B80}.Release|Any CPU.Build.0 = Release|Any CPU
		{C34D383A-B4C3-4970-A07F-A845314C161D}.Debug|Any CPU.ActiveCfg = Debug|Any CPU
		{C34D383A-B4C3-4970-A07F-A845314C161D}.Debug|Any CPU.Build.0 = Debug|Any CPU
		{C34D383A-B4C3-4970-A07F-A845314C161D}.Release|Any CPU.ActiveCfg = Release|Any CPU
		{C34D383A-B4C3-4970-A07F-A845314C161D}.Release|Any CPU.Build.0 = Release|Any CPU
		{18ED3DDE-9838-4EEB-8255-AA77C30E04CA}.Debug|Any CPU.ActiveCfg = Debug|Any CPU
		{18ED3DDE-9838-4EEB-8255-AA77C30E04CA}.Debug|Any CPU.Build.0 = Debug|Any CPU
		{18ED3DDE-9838-4EEB-8255-AA77C30E04CA}.Release|Any CPU.ActiveCfg = Release|Any CPU
		{18ED3DDE-9838-4EEB-8255-AA77C30E04CA}.Release|Any CPU.Build.0 = Release|Any CPU
		{F6CE6050-63CD-421A-AB67-7F6279A6562A}.Debug|Any CPU.ActiveCfg = Debug|Any CPU
		{F6CE6050-63CD-421A-AB67-7F6279A6562A}.Debug|Any CPU.Build.0 = Debug|Any CPU
		{F6CE6050-63CD-421A-AB67-7F6279A6562A}.Release|Any CPU.ActiveCfg = Release|Any CPU
		{F6CE6050-63CD-421A-AB67-7F6279A6562A}.Release|Any CPU.Build.0 = Release|Any CPU
		{9D68CE4D-2D68-47FB-8FFE-86979ADACBB0}.Debug|Any CPU.ActiveCfg = Debug|Any CPU
		{9D68CE4D-2D68-47FB-8FFE-86979ADACBB0}.Debug|Any CPU.Build.0 = Debug|Any CPU
		{9D68CE4D-2D68-47FB-8FFE-86979ADACBB0}.Release|Any CPU.ActiveCfg = Release|Any CPU
		{9D68CE4D-2D68-47FB-8FFE-86979ADACBB0}.Release|Any CPU.Build.0 = Release|Any CPU
	EndGlobalSection
	GlobalSection(SolutionProperties) = preSolution
		HideSolutionNode = FALSE
	EndGlobalSection
	GlobalSection(ExtensibilityGlobals) = postSolution
		SolutionGuid = {C918DCBD-42D9-416B-A677-96BF41F93E63}
	EndGlobalSection
EndGlobal
